# THIS IS AN AUTOGENERATED FILE. DO NOT EDIT THIS FILE DIRECTLY.
# yarn lockfile v1


"@next-auth/prisma-adapter@^1.0.6":
  version "1.0.6"
  resolved "https://registry.yarnpkg.com/@next-auth/prisma-adapter/-/prisma-adapter-1.0.6.tgz#da0a423c9cfaaa4d22421817546b62d964ae8f4e"
  integrity sha512-Z7agwfSZEeEcqKqrnisBun7VndRPshd6vyDsoRU68MXbkui8storkHgvN2hnNDrqr/hSCF9aRn56a1qpihaB4A==

react-icons@^4.8.0:
  version "4.8.0"
  resolved "https://registry.yarnpkg.com/react-icons/-/react-icons-4.8.0.tgz#621e900caa23b912f737e41be57f27f6b2bff445"
  integrity sha512-N6+kOLcihDiAnj5Czu637waJqSnwlMNROzVZMhfX68V/9bu9qHaMIJC4UdozWoOk57gahFCNHwVvWzm0MTzRjg==
